
Microsoft Visual Studio Solution File, Format Version 12.00
# Visual Studio Version 17
VisualStudioVersion = 17.9.34723.18
MinimumVisualStudioVersion = 10.0.40219.1
Project("{FAE04EC0-301F-11D3-BF4B-00C04F79EFBC}") = "bd_dz3", "bd_dz3.csproj", "{7EB108E8-732F-47C2-9AC4-40D88FE4E3DC}"
EndProject
Global
	GlobalSection(SolutionConfigurationPlatforms) = preSolution
		Debug|Any CPU = Debug|Any CPU
		Release|Any CPU = Release|Any CPU
	EndGlobalSection
	GlobalSection(ProjectConfigurationPlatforms) = postSolution
		{7EB108E8-732F-47C2-9AC4-40D88FE4E3DC}.Debug|Any CPU.ActiveCfg = Debug|Any CPU
		{7EB108E8-732F-47C2-9AC4-40D88FE4E3DC}.Debug|Any CPU.Build.0 = Debug|Any CPU
		{7EB108E8-732F-47C2-9AC4-40D88FE4E3DC}.Release|Any CPU.ActiveCfg = Release|Any CPU
		{7EB108E8-732F-47C2-9AC4-40D88FE4E3DC}.Release|Any CPU.Build.0 = Release|Any CPU
	EndGlobalSection
	GlobalSection(SolutionProperties) = preSolution
		HideSolutionNode = FALSE
	EndGlobalSection
	GlobalSection(ExtensibilityGlobals) = postSolution
		SolutionGuid = {355C4345-02F3-444E-AE14-5E5B684FF787}
	EndGlobalSection
EndGlobal
